bitbucket.org/ckvist/twilio v0.0.0-20170512072134-13c593a1721b h1:EgVTZyg+IROzDLG86gbfoLk4k6nwypmTHmjXDgYMzD4=
bitbucket.org/ckvist/twilio v0.0.0-20170512072134-13c593a1721b/go.mod h1:tZckALWIGoGfdoe/aKzxBL5qViz4qXogqZx1UViXWME=
github.com/BurntSushi/toml v0.3.1 h1:WXkYYl6Yr3qBf1K79EBnL4mak0OimBfB0XUf9Vl28OQ=
github.com/BurntSushi/toml v0.3.1/go.mod h1:xHWCNGjB5oqiDr8zfno3MHue2Ht5sIBksp03qcyfWMU=
github.com/DATA-DOG/go-sqlmock v1.3.0 h1:ljjRxlddjfChBJdFKJs5LuCwCWPLaC1UZLwAo3PBBMk=
github.com/DATA-DOG/go-sqlmock v1.3.0/go.mod h1:f/Ixk793poVmq4qj/V1dPUg2JEAKC73Q5eFN3EC/SaM=
github.com/dchest/captcha v0.0.0-20170622155422-6a29415a8364 h1:U+BMqUt8LFgyrF0/NKgPZdr1sGZ3j6uBECpOGcISpFI=
github.com/dchest/captcha v0.0.0-20170622155422-6a29415a8364/go.mod h1:QGrK8vMWWHQYQ3QU9bw9Y9OPNfxccGzfb41qjvVeXtY=
github.com/elazarl/go-bindata-assetfs v1.0.0 h1:G/bYguwHIzWq9ZoyUQqrjTmJbbYn3j3CKKpKinvZLFk=
github.com/elazarl/go-bindata-assetfs v1.0.0/go.mod h1:v+YaWX3bdea5J/mo8dSETolEo7R71Vk1u8bnjau5yw4=
github.com/go-bindata/go-bindata v3.1.2+incompatible h1:5vjJMVhowQdPzjE1LdxyFF7YFTXg5IgGVW4gBr5IbvE=
github.com/go-bindata/go-bindata v3.1.2+incompatible/go.mod h1:xK8Dsgwmeed+BBsSy2XTopBn/8uK2HWuGSnA11C3Joo=
github.com/go-sql-driver/mysql v1.4.1 h1:g24URVg0OFbNUTx9qqY1IRZ9D9z3iPyi5zKhQZpNwpA=
github.com/go-sql-driver/mysql v1.4.1/go.mod h1:zAC/RDZ24gD3HViQzih4MyKcchzm+sOG5ZlKdlhCg5w=
github.com/gofrs/uuid v3.2.0+incompatible h1:y12jRkkFxsd7GpqdSZ+/KCs/fJbqpEXSGd4+jfEaewE=
github.com/gofrs/uuid v3.2.0+incompatible/go.mod h1:b2aQJv3Z4Fp6yNu3cdSllBxTCLRxnplIgP/c0N/04lM=
github.com/golang/protobuf v1.2.0/go.mod h1:6lQm79b+lXiMfvg/cZm0SGofjICqVBUtrP5yJMmIC1U=
github.com/gorilla/context v1.1.1 h1:AWwleXJkX/nhcU9bZSnZoi3h/qGYqQAGhq6zZe/aQW8=
github.com/gorilla/context v1.1.1/go.mod h1:kBGZzfjB9CEq2AlWe17Uuf7NDRt0dE0s8S51q0aT7Yg=
github.com/gorilla/securecookie v1.1.1 h1:miw7JPhV+b/lAHSXz4qd/nN9jRiAFV5FwjeKyCS8BvQ=
github.com/gorilla/securecookie v1.1.1/go.mod h1:ra0sb63/xPlUeL+yeDciTfxMRAA+MP+HVt/4epWDjd4=
github.com/gorilla/sessions v1.1.3 h1:uXoZdcdA5XdXF3QzuSlheVRUvjl+1rKY7zBXL68L9RU=
github.com/gorilla/sessions v1.1.3/go.mod h1:8KCfur6+4Mqcc6S0FEfKuN15Vl5MgXW92AE8ovaJD0w=
github.com/jtblin/go-ldap-client v0.0.0-20170223121919-b73f66626b33 h1:XDpFOMOZq0u0Ar4F0p/wklqQXp/AMV1pTF5T5bDoUfQ=
github.com/jtblin/go-ldap-client v0.0.0-20170223121919-b73f66626b33/go.mod h1:+0BcLY5d54TVv6irFzHoiFvwAHR6T0g9B+by/UaS9T0=
github.com/julienschmidt/httprouter v1.2.0 h1:TDTW5Yz1mjftljbcKqRcrYhd4XeOoI98t+9HbQbYf7g=
github.com/julienschmidt/httprouter v1.2.0/go.mod h1:SYymIcj16QtmaHHD7aYtjjsJG7VTCxuUUipMqKk8s4w=
github.com/lfkeitel/go-ldap-client v1.0.0 h1:dhQ4PXCEstkIQ2maGMqM/QGjam3YubiwSLa29nHFVw4=
github.com/lfkeitel/go-ldap-client v1.0.0/go.mod h1:bb+F5rgVkUMbj4cFsDP1WyzXvOMu+IbtqVJLcLgSs8U=
github.com/lfkeitel/verbose/v4 v4.0.1 h1:RW7t5dE23gCYmJVlvGOKEqINDworT9kG6NScBRyRRDY=
github.com/lfkeitel/verbose/v4 v4.0.1/go.mod h1:MKq3/hGAuJiUsMKAerPAMzde5ZWp3rEqJav0b3AI3mM=
github.com/oec/goradius v0.0.0-20151001122308-dce7f6ef2e5a h1:bMgpqSCUAcZfjNucx+KNMqPo2gBwxpFY78/V2wETvBk=
github.com/oec/goradius v0.0.0-20151001122308-dce7f6ef2e5a/go.mod h1:YzcHXKcQBjEjtgbVXioLzxVHMAYkDgoRjfb6JuVA1pA=
github.com/packet-guardian/cas-auth v1.0.1 h1:BtgXhEa8iSmCkjzziROWUy23kZiNQcUBKjVq/up1rTk=
github.com/packet-guardian/cas-auth v1.0.1/go.mod h1:clCfgE8/SqvEyYJJACxq+B5um/ZPu6/xfU8OjfukGP8=
github.com/packet-guardian/cas-auth v1.0.2 h1:0Za1dOrvwaSlcRiqCB47KYinUw8HcqZh/F9jIlZs3b0=
github.com/packet-guardian/cas-auth v1.0.2/go.mod h1:clCfgE8/SqvEyYJJACxq+B5um/ZPu6/xfU8OjfukGP8=
github.com/packet-guardian/cas-auth v1.0.3 h1:3fySAiuInjyb9vZLfE56+MEYujXWEJvetrz9aWmsghY=
github.com/packet-guardian/cas-auth v1.0.3/go.mod h1:clCfgE8/SqvEyYJJACxq+B5um/ZPu6/xfU8OjfukGP8=
github.com/packet-guardian/dhcp-lib v1.3.1-0.20190104170538-6e6243d987ae h1:cBIaCcEMih4VkZxlCOJGx9Xo8lRNQ19vlayn9nqo3Kc=
github.com/packet-guardian/dhcp-lib v1.3.1-0.20190104170538-6e6243d987ae/go.mod h1:BO0VKz6xu7ztoqLk4DEyHbiDWIMjyPs5uzWPrLlGcWg=
github.com/packet-guardian/dhcp-lib v1.3.2 h1:PS0/MWhhVu2rrN+baej/yGIVMlifxfGam1TvvEt8WmM=
github.com/packet-guardian/dhcp-lib v1.3.2/go.mod h1:BO0VKz6xu7ztoqLk4DEyHbiDWIMjyPs5uzWPrLlGcWg=
github.com/packet-guardian/pg-dhcp v2.0.0+incompatible h1:xNMJMhUfpztrah0ySt9eWcoGz+1vDd66F6TPF6RhL2I=
github.com/packet-guardian/pg-dhcp v2.0.0+incompatible/go.mod h1:WZMFVhKythUpKiS/PcO4GpbL2Vop0hDSt5APZQTOs4k=
github.com/packet-guardian/sessions v1.1.2 h1:8dJ9WaVoqtJa1lEjr/txPuHxGi9Gfyme1MNwQpAAaZc=
github.com/packet-guardian/sessions v1.1.2/go.mod h1:Ieo8HYsV0qN9WIJeic1HRzDxX9UY5BkplHncRmmZPwU=
github.com/packet-guardian/useragent v0.0.0-20181215171402-b01a15b7aeb8 h1:pJ4sl0CLZCEuI9agsl+r/VO509QZtn/J5MbhLKUsqXw=
github.com/packet-guardian/useragent v0.0.0-20181215171402-b01a15b7aeb8/go.mod h1:UvVrgeX0R2HFoPvp8eZoZGy3Urt/dKA1X0+HbXJuF8Y=
golang.org/x/crypto v0.0.0-20190102171810-8d7daa0c54b3 h1:35ZwriXqdZtBGoFgUpW71Z7xz5o23fRpWHFAO2PlnIA=
golang.org/x/crypto v0.0.0-20190102171810-8d7daa0c54b3/go.mod h1:6SG95UA2DQfeDnfUPMdvaQW0Q7yPrPDi9nlGo2tz2b4=
golang.org/x/net v0.0.0-20180724234803-3673e40ba225/go.mod h1:mL1N/T3taQHkDXs73rZJwtUhF3w3ftmwwsq0BUmARs4=
golang.org/x/net v0.0.0-20180824152047-4bcd98cce591 h1:4S2XUgvg3hUNTvxI307qkFPb9zKHG3Nf9TXFzX/DZZI=
golang.org/x/net v0.0.0-20180824152047-4bcd98cce591/go.mod h1:mL1N/T3taQHkDXs73rZJwtUhF3w3ftmwwsq0BUmARs4=
golang.org/x/text v0.3.0 h1:g61tztE5qeGQ89tm6NTjjM9VPIm088od1l6aSorWRWg=
golang.org/x/text v0.3.0/go.mod h1:NqM8EUOU14njkJ3fqMW+pc6Ldnwhi/IjpwHt7yyuwOQ=
google.golang.org/appengine v1.4.0 h1:/wp5JvzpHIxhs/dumFmF7BXTf3Z+dd4uXta4kVyO508=
google.golang.org/appengine v1.4.0/go.mod h1:xpcJRLb0r/rnEns0DIKYYv+WjYCduHsrkT7/EB5XEv4=
gopkg.in/alexcesaro/quotedprintable.v3 v3.0.0-20150716171945-2caba252f4dc h1:2gGKlE2+asNV9m7xrywl36YYNnBG5ZQ0r/BOOxqPpmk=
gopkg.in/alexcesaro/quotedprintable.v3 v3.0.0-20150716171945-2caba252f4dc/go.mod h1:m7x9LTH6d71AHyAX77c9yqWCCa3UKHcVEj9y7hAtKDk=
gopkg.in/asn1-ber.v1 v1.0.0-20170511165959-379148ca0225 h1:JBwmEvLfCqgPcIq8MjVMQxsF3LVL4XG/HH0qiG0+IFY=
gopkg.in/asn1-ber.v1 v1.0.0-20170511165959-379148ca0225/go.mod h1:cuepJuh7vyXfUyUwEgHQXw849cJrilpS5NeIjOWESAw=
gopkg.in/check.v1 v0.0.0-20161208181325-20d25e280405 h1:yhCVgyC4o1eVCa2tZl7eS0r+SDo693bJlVdllGtEeKM=
gopkg.in/check.v1 v0.0.0-20161208181325-20d25e280405/go.mod h1:Co6ibVJAznAaIkqp8huTwlJQCZ016jof/cbN4VW5Yz0=
gopkg.in/ldap.v2 v2.5.1 h1:wiu0okdNfjlBzg6UWvd1Hn8Y+Ux17/u/4nlk4CQr6tU=
gopkg.in/ldap.v2 v2.5.1/go.mod h1:oI0cpe/D7HRtBQl8aTg+ZmzFUAvu4lsv3eLXMLGFxWk=
gopkg.in/mail.v2 v2.3.1 h1:WYFn/oANrAGP2C0dcV6/pbkPzv8yGzqTjPmTeO7qoXk=
gopkg.in/mail.v2 v2.3.1/go.mod h1:htwXN1Qh09vZJ1NVKxQqHPBaCBbzKhp5GzuJEA4VJWw=
gopkg.in/tylerb/graceful.v1 v1.2.15 h1:1JmOyhKqAyX3BgTXMI84LwT6FOJ4tP2N9e2kwTCM0nQ=
gopkg.in/tylerb/graceful.v1 v1.2.15/go.mod h1:yBhekWvR20ACXVObSSdD3u6S9DeSylanL2PAbAC/uJ8=
gopkg.in/yaml.v2 v2.2.1 h1:mUhvW9EsL+naU5Q3cakzfE91YhliOondGd6ZrsDBHQE=
gopkg.in/yaml.v2 v2.2.1/go.mod h1:hI93XBmqTisBFMUTm0b8Fm+jr3Dg1NNxqwp+5A1VGuI=
